<?xml version="1.0" encoding="utf-8"?>
<Project ToolsVersion="4.0" xmlns="http://schemas.microsoft.com/developer/msbuild/2003">
  <ItemGroup>
    <Filter Include="Quelldateien">
      <UniqueIdentifier>{4FC737F1-C7A5-4376-A066-2A32D752A2FF}</UniqueIdentifier>
      <Extensions>cpp;c;cc;cxx;c++;cppm;ixx;def;odl;idl;hpj;bat;asm;asmx</Extensions>
    </Filter>
    <Filter Include="Headerdateien">
      <UniqueIdentifier>{93995380-89BD-4b04-88EB-625FBE52EBFB}</UniqueIdentifier>
      <Extensions>h;hh;hpp;hxx;h++;hm;inl;inc;ipp;xsd</Extensions>
    </Filter>
  </ItemGroup>
  <ItemGroup>
    <ClCompile Include="main.cpp">
      <Filter>Quelldateien</Filter>
    </ClCompile>
  </ItemGroup>
  <ItemGroup>
    <ClInclude Include="zydis\ZycoreExportConfig.h">
      <Filter>Headerdateien</Filter>
    </ClInclude>
    <ClInclude Include="zydis\ZydisExportConfig.h">
      <Filter>Headerdateien</Filter>
    </ClInclude>
    <ClInclude Include="zydis\Zydis\Decoder.h">
      <Filter>Headerdateien</Filter>
    </ClInclude>
    <ClInclude Include="zydis\Zydis\DecoderTypes.h">
      <Filter>Headerdateien</Filter>
    </ClInclude>
    <ClInclude Include="zydis\Zydis\Formatter.h">
      <Filter>Headerdateien</Filter>
    </ClInclude>
    <ClInclude Include="zydis\Zydis\FormatterBuffer.h">
      <Filter>Headerdateien</Filter>
    </ClInclude>
    <ClInclude Include="zydis\Zydis\MetaInfo.h">
      <Filter>Headerdateien</Filter>
    </ClInclude>
    <ClInclude Include="zydis\Zydis\Mnemonic.h">
      <Filter>Headerdateien</Filter>
    </ClInclude>
    <ClInclude Include="zydis\Zydis\Register.h">
      <Filter>Headerdateien</Filter>
    </ClInclude>
    <ClInclude Include="zydis\Zydis\SharedTypes.h">
      <Filter>Headerdateien</Filter>
    </ClInclude>
    <ClInclude Include="zydis\Zydis\ShortString.h">
      <Filter>Headerdateien</Filter>
    </ClInclude>
    <ClInclude Include="zydis\Zydis\Status.h">
      <Filter>Headerdateien</Filter>
    </ClInclude>
    <ClInclude Include="zydis\Zydis\Utils.h">
      <Filter>Headerdateien</Filter>
    </ClInclude>
    <ClInclude Include="zydis\Zydis\Zydis.h">
      <Filter>Headerdateien</Filter>
    </ClInclude>
    <ClInclude Include="zydis\Zydis\Internal\DecoderData.h">
      <Filter>Headerdateien</Filter>
    </ClInclude>
    <ClInclude Include="zydis\Zydis\Internal\FormatterATT.h">
      <Filter>Headerdateien</Filter>
    </ClInclude>
    <ClInclude Include="zydis\Zydis\Internal\FormatterBase.h">
      <Filter>Headerdateien</Filter>
    </ClInclude>
    <ClInclude Include="zydis\Zydis\Internal\FormatterIntel.h">
      <Filter>Headerdateien</Filter>
    </ClInclude>
    <ClInclude Include="zydis\Zydis\Internal\SharedData.h">
      <Filter>Headerdateien</Filter>
    </ClInclude>
    <ClInclude Include="zydis\Zydis\Internal\String.h">
      <Filter>Headerdateien</Filter>
    </ClInclude>
    <ClInclude Include="zydis\Zydis\Generated\EnumInstructionCategory.h">
      <Filter>Headerdateien</Filter>
    </ClInclude>
    <ClInclude Include="zydis\Zydis\Generated\EnumISAExt.h">
      <Filter>Headerdateien</Filter>
    </ClInclude>
    <ClInclude Include="zydis\Zydis\Generated\EnumISASet.h">
      <Filter>Headerdateien</Filter>
    </ClInclude>
    <ClInclude Include="zydis\Zydis\Generated\EnumMnemonic.h">
      <Filter>Headerdateien</Filter>
    </ClInclude>
    <ClInclude Include="zydis\Zydis\Generated\EnumRegister.h">
      <Filter>Headerdateien</Filter>
    </ClInclude>
  </ItemGroup>
</Project>